// !$*UTF8*$!
{
	archiveVersion = 1;
	classes = {
	};
	objectVersion = 56;
	objects = {

/* Begin PBXBuildFile section */
		8AE325272AC6CF0200694D48 /* SWIFTYLIBMINE.framework in Frameworks */ = {isa = PBXBuildFile; fileRef = 8AE3251E2AC6CF0200694D48 /* SWIFTYLIBMINE.framework */; };
		8AE3252C2AC6CF0200694D48 /* SWIFTYLIBMINETests.swift in Sources */ = {isa = PBXBuildFile; fileRef = 8AE3252B2AC6CF0200694D48 /* SWIFTYLIBMINETests.swift */; };
		8AE3252D2AC6CF0200694D48 /* SWIFTYLIBMINE.h in Headers */ = {isa = PBXBuildFile; fileRef = 8AE325212AC6CF0200694D48 /* SWIFTYLIBMINE.h */; settings = {ATTRIBUTES = (Public, ); }; };
		8AE3253D2AC6CF3400694D48 /* AppDelegate.swift in Sources */ = {isa = PBXBuildFile; fileRef = 8AE3253C2AC6CF3400694D48 /* AppDelegate.swift */; };
		8AE3253F2AC6CF3400694D48 /* SceneDelegate.swift in Sources */ = {isa = PBXBuildFile; fileRef = 8AE3253E2AC6CF3400694D48 /* SceneDelegate.swift */; };
		8AE325412AC6CF3400694D48 /* ViewController.swift in Sources */ = {isa = PBXBuildFile; fileRef = 8AE325402AC6CF3400694D48 /* ViewController.swift */; };
		8AE325442AC6CF3400694D48 /* Main.storyboard in Resources */ = {isa = PBXBuildFile; fileRef = 8AE325422AC6CF3400694D48 /* Main.storyboard */; };
		8AE325472AC6CF3400694D48 /* SWIFTYLIBMINEExample.xcdatamodeld in Sources */ = {isa = PBXBuildFile; fileRef = 8AE325452AC6CF3400694D48 /* SWIFTYLIBMINEExample.xcdatamodeld */; };
		8AE325492AC6CF3500694D48 /* Assets.xcassets in Resources */ = {isa = PBXBuildFile; fileRef = 8AE325482AC6CF3500694D48 /* Assets.xcassets */; };
		8AE3254C2AC6CF3500694D48 /* LaunchScreen.storyboard in Resources */ = {isa = PBXBuildFile; fileRef = 8AE3254A2AC6CF3500694D48 /* LaunchScreen.storyboard */; };
		8AE325572AC6CF3500694D48 /* SWIFTYLIBMINEExampleTests.swift in Sources */ = {isa = PBXBuildFile; fileRef = 8AE325562AC6CF3500694D48 /* SWIFTYLIBMINEExampleTests.swift */; };
		8AE325612AC6CF3500694D48 /* SWIFTYLIBMINEExampleUITests.swift in Sources */ = {isa = PBXBuildFile; fileRef = 8AE325602AC6CF3500694D48 /* SWIFTYLIBMINEExampleUITests.swift */; };
		8AE325632AC6CF3500694D48 /* SWIFTYLIBMINEExampleUITestsLaunchTests.swift in Sources */ = {isa = PBXBuildFile; fileRef = 8AE325622AC6CF3500694D48 /* SWIFTYLIBMINEExampleUITestsLaunchTests.swift */; };
/* End PBXBuildFile section */

/* Begin PBXContainerItemProxy section */
		8AE325282AC6CF0200694D48 /* PBXContainerItemProxy */ = {
			isa = PBXContainerItemProxy;
			containerPortal = 8AE325152AC6CF0200694D48 /* Project object */;
			proxyType = 1;
			remoteGlobalIDString = 8AE3251D2AC6CF0200694D48;
			remoteInfo = SWIFTYLIBMINE;
		};
		8AE325532AC6CF3500694D48 /* PBXContainerItemProxy */ = {
			isa = PBXContainerItemProxy;
			containerPortal = 8AE325152AC6CF0200694D48 /* Project object */;
			proxyType = 1;
			remoteGlobalIDString = 8AE325392AC6CF3400694D48;
			remoteInfo = SWIFTYLIBMINEExample;
		};
		8AE3255D2AC6CF3500694D48 /* PBXContainerItemProxy */ = {
			isa = PBXContainerItemProxy;
			containerPortal = 8AE325152AC6CF0200694D48 /* Project object */;
			proxyType = 1;
			remoteGlobalIDString = 8AE325392AC6CF3400694D48;
			remoteInfo = SWIFTYLIBMINEExample;
		};
/* End PBXContainerItemProxy section */

/* Begin PBXFileReference section */
		8AE3251E2AC6CF0200694D48 /* SWIFTYLIBMINE.framework */ = {isa = PBXFileReference; explicitFileType = wrapper.framework; includeInIndex = 0; path = SWIFTYLIBMINE.framework; sourceTree = BUILT_PRODUCTS_DIR; };
		8AE325212AC6CF0200694D48 /* SWIFTYLIBMINE.h */ = {isa = PBXFileReference; lastKnownFileType = sourcecode.c.h; path = SWIFTYLIBMINE.h; sourceTree = "<group>"; };
		8AE325262AC6CF0200694D48 /* SWIFTYLIBMINETests.xctest */ = {isa = PBXFileReference; explicitFileType = wrapper.cfbundle; includeInIndex = 0; path = SWIFTYLIBMINETests.xctest; sourceTree = BUILT_PRODUCTS_DIR; };
		8AE3252B2AC6CF0200694D48 /* SWIFTYLIBMINETests.swift */ = {isa = PBXFileReference; lastKnownFileType = sourcecode.swift; path = SWIFTYLIBMINETests.swift; sourceTree = "<group>"; };
		8AE3253A2AC6CF3400694D48 /* SWIFTYLIBMINEExample.app */ = {isa = PBXFileReference; explicitFileType = wrapper.application; includeInIndex = 0; path = SWIFTYLIBMINEExample.app; sourceTree = BUILT_PRODUCTS_DIR; };
		8AE3253C2AC6CF3400694D48 /* AppDelegate.swift */ = {isa = PBXFileReference; lastKnownFileType = sourcecode.swift; path = AppDelegate.swift; sourceTree = "<group>"; };
		8AE3253E2AC6CF3400694D48 /* SceneDelegate.swift */ = {isa = PBXFileReference; lastKnownFileType = sourcecode.swift; path = SceneDelegate.swift; sourceTree = "<group>"; };
		8AE325402AC6CF3400694D48 /* ViewController.swift */ = {isa = PBXFileReference; lastKnownFileType = sourcecode.swift; path = ViewController.swift; sourceTree = "<group>"; };
		8AE325432AC6CF3400694D48 /* Base */ = {isa = PBXFileReference; lastKnownFileType = file.storyboard; name = Base; path = Base.lproj/Main.storyboard; sourceTree = "<group>"; };
		8AE325462AC6CF3400694D48 /* SWIFTYLIBMINEExample.xcdatamodel */ = {isa = PBXFileReference; lastKnownFileType = wrapper.xcdatamodel; path = SWIFTYLIBMINEExample.xcdatamodel; sourceTree = "<group>"; };
		8AE325482AC6CF3500694D48 /* Assets.xcassets */ = {isa = PBXFileReference; lastKnownFileType = folder.assetcatalog; path = Assets.xcassets; sourceTree = "<group>"; };
		8AE3254B2AC6CF3500694D48 /* Base */ = {isa = PBXFileReference; lastKnownFileType = file.storyboard; name = Base; path = Base.lproj/LaunchScreen.storyboard; sourceTree = "<group>"; };
		8AE3254D2AC6CF3500694D48 /* Info.plist */ = {isa = PBXFileReference; lastKnownFileType = text.plist.xml; path = Info.plist; sourceTree = "<group>"; };
		8AE325522AC6CF3500694D48 /* SWIFTYLIBMINEExampleTests.xctest */ = {isa = PBXFileReference; explicitFileType = wrapper.cfbundle; includeInIndex = 0; path = SWIFTYLIBMINEExampleTests.xctest; sourceTree = BUILT_PRODUCTS_DIR; };
		8AE325562AC6CF3500694D48 /* SWIFTYLIBMINEExampleTests.swift */ = {isa = PBXFileReference; lastKnownFileType = sourcecode.swift; path = SWIFTYLIBMINEExampleTests.swift; sourceTree = "<group>"; };
		8AE3255C2AC6CF3500694D48 /* SWIFTYLIBMINEExampleUITests.xctest */ = {isa = PBXFileReference; explicitFileType = wrapper.cfbundle; includeInIndex = 0; path = SWIFTYLIBMINEExampleUITests.xctest; sourceTree = BUILT_PRODUCTS_DIR; };
		8AE325602AC6CF3500694D48 /* SWIFTYLIBMINEExampleUITests.swift */ = {isa = PBXFileReference; lastKnownFileType = sourcecode.swift; path = SWIFTYLIBMINEExampleUITests.swift; sourceTree = "<group>"; };
		8AE325622AC6CF3500694D48 /* SWIFTYLIBMINEExampleUITestsLaunchTests.swift */ = {isa = PBXFileReference; lastKnownFileType = sourcecode.swift; path = SWIFTYLIBMINEExampleUITestsLaunchTests.swift; sourceTree = "<group>"; };
/* End PBXFileReference section */

/* Begin PBXFrameworksBuildPhase section */
		8AE3251B2AC6CF0200694D48 /* Frameworks */ = {
			isa = PBXFrameworksBuildPhase;
			buildActionMask = 2147483647;
			files = (
			);
			runOnlyForDeploymentPostprocessing = 0;
		};
		8AE325232AC6CF0200694D48 /* Frameworks */ = {
			isa = PBXFrameworksBuildPhase;
			buildActionMask = 2147483647;
			files = (
				8AE325272AC6CF0200694D48 /* SWIFTYLIBMINE.framework in Frameworks */,
			);
			runOnlyForDeploymentPostprocessing = 0;
		};
		8AE325372AC6CF3400694D48 /* Frameworks */ = {
			isa = PBXFrameworksBuildPhase;
			buildActionMask = 2147483647;
			files = (
			);
			runOnlyForDeploymentPostprocessing = 0;
		};
		8AE3254F2AC6CF3500694D48 /* Frameworks */ = {
			isa = PBXFrameworksBuildPhase;
			buildActionMask = 2147483647;
			files = (
			);
			runOnlyForDeploymentPostprocessing = 0;
		};
		8AE325592AC6CF3500694D48 /* Frameworks */ = {
			isa = PBXFrameworksBuildPhase;
			buildActionMask = 2147483647;
			files = (
			);
			runOnlyForDeploymentPostprocessing = 0;
		};
/* End PBXFrameworksBuildPhase section */

/* Begin PBXGroup section */
		8AE325142AC6CF0200694D48 = {
			isa = PBXGroup;
			children = (
				8AE325202AC6CF0200694D48 /* SWIFTYLIBMINE */,
				8AE3252A2AC6CF0200694D48 /* SWIFTYLIBMINETests */,
				8AE3253B2AC6CF3400694D48 /* SWIFTYLIBMINEExample */,
				8AE325552AC6CF3500694D48 /* SWIFTYLIBMINEExampleTests */,
				8AE3255F2AC6CF3500694D48 /* SWIFTYLIBMINEExampleUITests */,
				8AE3251F2AC6CF0200694D48 /* Products */,
			);
			sourceTree = "<group>";
		};
		8AE3251F2AC6CF0200694D48 /* Products */ = {
			isa = PBXGroup;
			children = (
				8AE3251E2AC6CF0200694D48 /* SWIFTYLIBMINE.framework */,
				8AE325262AC6CF0200694D48 /* SWIFTYLIBMINETests.xctest */,
				8AE3253A2AC6CF3400694D48 /* SWIFTYLIBMINEExample.app */,
				8AE325522AC6CF3500694D48 /* SWIFTYLIBMINEExampleTests.xctest */,
				8AE3255C2AC6CF3500694D48 /* SWIFTYLIBMINEExampleUITests.xctest */,
			);
			name = Products;
			sourceTree = "<group>";
		};
		8AE325202AC6CF0200694D48 /* SWIFTYLIBMINE */ = {
			isa = PBXGroup;
			children = (
				8AE325212AC6CF0200694D48 /* SWIFTYLIBMINE.h */,
			);
			path = SWIFTYLIBMINE;
			sourceTree = "<group>";
		};
		8AE3252A2AC6CF0200694D48 /* SWIFTYLIBMINETests */ = {
			isa = PBXGroup;
			children = (
				8AE3252B2AC6CF0200694D48 /* SWIFTYLIBMINETests.swift */,
			);
			path = SWIFTYLIBMINETests;
			sourceTree = "<group>";
		};
		8AE3253B2AC6CF3400694D48 /* SWIFTYLIBMINEExample */ = {
			isa = PBXGroup;
			children = (
				8AE3253C2AC6CF3400694D48 /* AppDelegate.swift */,
				8AE3253E2AC6CF3400694D48 /* SceneDelegate.swift */,
				8AE325402AC6CF3400694D48 /* ViewController.swift */,
				8AE325422AC6CF3400694D48 /* Main.storyboard */,
				8AE325482AC6CF3500694D48 /* Assets.xcassets */,
				8AE3254A2AC6CF3500694D48 /* LaunchScreen.storyboard */,
				8AE3254D2AC6CF3500694D48 /* Info.plist */,
				8AE325452AC6CF3400694D48 /* SWIFTYLIBMINEExample.xcdatamodeld */,
			);
			path = SWIFTYLIBMINEExample;
			sourceTree = "<group>";
		};
		8AE325552AC6CF3500694D48 /* SWIFTYLIBMINEExampleTests */ = {
			isa = PBXGroup;
			children = (
				8AE325562AC6CF3500694D48 /* SWIFTYLIBMINEExampleTests.swift */,
			);
			path = SWIFTYLIBMINEExampleTests;
			sourceTree = "<group>";
		};
		8AE3255F2AC6CF3500694D48 /* SWIFTYLIBMINEExampleUITests */ = {
			isa = PBXGroup;
			children = (
				8AE325602AC6CF3500694D48 /* SWIFTYLIBMINEExampleUITests.swift */,
				8AE325622AC6CF3500694D48 /* SWIFTYLIBMINEExampleUITestsLaunchTests.swift */,
			);
			path = SWIFTYLIBMINEExampleUITests;
			sourceTree = "<group>";
		};
/* End PBXGroup section */

/* Begin PBXHeadersBuildPhase section */
		8AE325192AC6CF0200694D48 /* Headers */ = {
			isa = PBXHeadersBuildPhase;
			buildActionMask = 2147483647;
			files = (
				8AE3252D2AC6CF0200694D48 /* SWIFTYLIBMINE.h in Headers */,
			);
			runOnlyForDeploymentPostprocessing = 0;
		};
/* End PBXHeadersBuildPhase section */

/* Begin PBXNativeTarget section */
		8AE3251D2AC6CF0200694D48 /* SWIFTYLIBMINE */ = {
			isa = PBXNativeTarget;
			buildConfigurationList = 8AE325302AC6CF0200694D48 /* Build configuration list for PBXNativeTarget "SWIFTYLIBMINE" */;
			buildPhases = (
				8AE325192AC6CF0200694D48 /* Headers */,
				8AE3251A2AC6CF0200694D48 /* Sources */,
				8AE3251B2AC6CF0200694D48 /* Frameworks */,
				8AE3251C2AC6CF0200694D48 /* Resources */,
			);
			buildRules = (
			);
			dependencies = (
			);
			name = SWIFTYLIBMINE;
			productName = SWIFTYLIBMINE;
			productReference = 8AE3251E2AC6CF0200694D48 /* SWIFTYLIBMINE.framework */;
			productType = "com.apple.product-type.framework";
		};
		8AE325252AC6CF0200694D48 /* SWIFTYLIBMINETests */ = {
			isa = PBXNativeTarget;
			buildConfigurationList = 8AE325332AC6CF0200694D48 /* Build configuration list for PBXNativeTarget "SWIFTYLIBMINETests" */;
			buildPhases = (
				8AE325222AC6CF0200694D48 /* Sources */,
				8AE325232AC6CF0200694D48 /* Frameworks */,
				8AE325242AC6CF0200694D48 /* Resources */,
			);
			buildRules = (
			);
			dependencies = (
				8AE325292AC6CF0200694D48 /* PBXTargetDependency */,
			);
			name = SWIFTYLIBMINETests;
			productName = SWIFTYLIBMINETests;
			productReference = 8AE325262AC6CF0200694D48 /* SWIFTYLIBMINETests.xctest */;
			productType = "com.apple.product-type.bundle.unit-test";
		};
		8AE325392AC6CF3400694D48 /* SWIFTYLIBMINEExample */ = {
			isa = PBXNativeTarget;
			buildConfigurationList = 8AE325642AC6CF3500694D48 /* Build configuration list for PBXNativeTarget "SWIFTYLIBMINEExample" */;
			buildPhases = (
				8AE325362AC6CF3400694D48 /* Sources */,
				8AE325372AC6CF3400694D48 /* Frameworks */,
				8AE325382AC6CF3400694D48 /* Resources */,
			);
			buildRules = (
			);
			dependencies = (
			);
			name = SWIFTYLIBMINEExample;
			productName = SWIFTYLIBMINEExample;
			productReference = 8AE3253A2AC6CF3400694D48 /* SWIFTYLIBMINEExample.app */;
			productType = "com.apple.product-type.application";
		};
		8AE325512AC6CF3500694D48 /* SWIFTYLIBMINEExampleTests */ = {
			isa = PBXNativeTarget;
			buildConfigurationList = 8AE325672AC6CF3500694D48 /* Build configuration list for PBXNativeTarget "SWIFTYLIBMINEExampleTests" */;
			buildPhases = (
				8AE3254E2AC6CF3500694D48 /* Sources */,
				8AE3254F2AC6CF3500694D48 /* Frameworks */,
				8AE325502AC6CF3500694D48 /* Resources */,
			);
			buildRules = (
			);
			dependencies = (
				8AE325542AC6CF3500694D48 /* PBXTargetDependency */,
			);
			name = SWIFTYLIBMINEExampleTests;
			productName = SWIFTYLIBMINEExampleTests;
			productReference = 8AE325522AC6CF3500694D48 /* SWIFTYLIBMINEExampleTests.xctest */;
			productType = "com.apple.product-type.bundle.unit-test";
		};
		8AE3255B2AC6CF3500694D48 /* SWIFTYLIBMINEExampleUITests */ = {
			isa = PBXNativeTarget;
			buildConfigurationList = 8AE3256A2AC6CF3500694D48 /* Build configuration list for PBXNativeTarget "SWIFTYLIBMINEExampleUITests" */;
			buildPhases = (
				8AE325582AC6CF3500694D48 /* Sources */,
				8AE325592AC6CF3500694D48 /* Frameworks */,
				8AE3255A2AC6CF3500694D48 /* Resources */,
			);
			buildRules = (
			);
			dependencies = (
				8AE3255E2AC6CF3500694D48 /* PBXTargetDependency */,
			);
			name = SWIFTYLIBMINEExampleUITests;
			productName = SWIFTYLIBMINEExampleUITests;
			productReference = 8AE3255C2AC6CF3500694D48 /* SWIFTYLIBMINEExampleUITests.xctest */;
			productType = "com.apple.product-type.bundle.ui-testing";
		};
/* End PBXNativeTarget section */

/* Begin PBXProject section */
		8AE325152AC6CF0200694D48 /* Project object */ = {
			isa = PBXProject;
			attributes = {
				BuildIndependentTargetsInParallel = 1;
				LastSwiftUpdateCheck = 1410;
				LastUpgradeCheck = 1410;
				TargetAttributes = {
					8AE3251D2AC6CF0200694D48 = {
						CreatedOnToolsVersion = 14.1;
					};
					8AE325252AC6CF0200694D48 = {
						CreatedOnToolsVersion = 14.1;
					};
					8AE325392AC6CF3400694D48 = {
						CreatedOnToolsVersion = 14.1;
					};
					8AE325512AC6CF3500694D48 = {
						CreatedOnToolsVersion = 14.1;
						TestTargetID = 8AE325392AC6CF3400694D48;
					};
					8AE3255B2AC6CF3500694D48 = {
						CreatedOnToolsVersion = 14.1;
						TestTargetID = 8AE325392AC6CF3400694D48;
					};
				};
			};
			buildConfigurationList = 8AE325182AC6CF0200694D48 /* Build configuration list for PBXProject "SWIFTYLIBMINE" */;
			compatibilityVersion = "Xcode 14.0";
			developmentRegion = en;
			hasScannedForEncodings = 0;
			knownRegions = (
				en,
				Base,
			);
			mainGroup = 8AE325142AC6CF0200694D48;
			productRefGroup = 8AE3251F2AC6CF0200694D48 /* Products */;
			projectDirPath = "";
			projectRoot = "";
			targets = (
				8AE3251D2AC6CF0200694D48 /* SWIFTYLIBMINE */,
				8AE325252AC6CF0200694D48 /* SWIFTYLIBMINETests */,
				8AE325392AC6CF3400694D48 /* SWIFTYLIBMINEExample */,
				8AE325512AC6CF3500694D48 /* SWIFTYLIBMINEExampleTests */,
				8AE3255B2AC6CF3500694D48 /* SWIFTYLIBMINEExampleUITests */,
			);
		};
/* End PBXProject section */

/* Begin PBXResourcesBuildPhase section */
		8AE3251C2AC6CF0200694D48 /* Resources */ = {
			isa = PBXResourcesBuildPhase;
			buildActionMask = 2147483647;
			files = (
			);
			runOnlyForDeploymentPostprocessing = 0;
		};
		8AE325242AC6CF0200694D48 /* Resources */ = {
			isa = PBXResourcesBuildPhase;
			buildActionMask = 2147483647;
			files = (
			);
			runOnlyForDeploymentPostprocessing = 0;
		};
		8AE325382AC6CF3400694D48 /* Resources */ = {
			isa = PBXResourcesBuildPhase;
			buildActionMask = 2147483647;
			files = (
				8AE3254C2AC6CF3500694D48 /* LaunchScreen.storyboard in Resources */,
				8AE325492AC6CF3500694D48 /* Assets.xcassets in Resources */,
				8AE325442AC6CF3400694D48 /* Main.storyboard in Resources */,
			);
			runOnlyForDeploymentPostprocessing = 0;
		};
		8AE325502AC6CF3500694D48 /* Resources */ = {
			isa = PBXResourcesBuildPhase;
			buildActionMask = 2147483647;
			files = (
			);
			runOnlyForDeploymentPostprocessing = 0;
		};
		8AE3255A2AC6CF3500694D48 /* Resources */ = {
			isa = PBXResourcesBuildPhase;
			buildActionMask = 2147483647;
			files = (
			);
			runOnlyForDeploymentPostprocessing = 0;
		};
/* End PBXResourcesBuildPhase section */

/* Begin PBXSourcesBuildPhase section */
		8AE3251A2AC6CF0200694D48 /* Sources */ = {
			isa = PBXSourcesBuildPhase;
			buildActionMask = 2147483647;
			files = (
			);
			runOnlyForDeploymentPostprocessing = 0;
		};
		8AE325222AC6CF0200694D48 /* Sources */ = {
			isa = PBXSourcesBuildPhase;
			buildActionMask = 2147483647;
			files = (
				8AE3252C2AC6CF0200694D48 /* SWIFTYLIBMINETests.swift in Sources */,
			);
			runOnlyForDeploymentPostprocessing = 0;
		};
		8AE325362AC6CF3400694D48 /* Sources */ = {
			isa = PBXSourcesBuildPhase;
			buildActionMask = 2147483647;
			files = (
				8AE325412AC6CF3400694D48 /* ViewController.swift in Sources */,
				8AE325472AC6CF3400694D48 /* SWIFTYLIBMINEExample.xcdatamodeld in Sources */,
				8AE3253D2AC6CF3400694D48 /* AppDelegate.swift in Sources */,
				8AE3253F2AC6CF3400694D48 /* SceneDelegate.swift in Sources */,
			);
			runOnlyForDeploymentPostprocessing = 0;
		};
		8AE3254E2AC6CF3500694D48 /* Sources */ = {
			isa = PBXSourcesBuildPhase;
			buildActionMask = 2147483647;
			files = (
				8AE325572AC6CF3500694D48 /* SWIFTYLIBMINEExampleTests.swift in Sources */,
			);
			runOnlyForDeploymentPostprocessing = 0;
		};
		8AE325582AC6CF3500694D48 /* Sources */ = {
			isa = PBXSourcesBuildPhase;
			buildActionMask = 2147483647;
			files = (
				8AE325632AC6CF3500694D48 /* SWIFTYLIBMINEExampleUITestsLaunchTests.swift in Sources */,
				8AE325612AC6CF3500694D48 /* SWIFTYLIBMINEExampleUITests.swift in Sources */,
			);
			runOnlyForDeploymentPostprocessing = 0;
		};
/* End PBXSourcesBuildPhase section */

/* Begin PBXTargetDependency section */
		8AE325292AC6CF0200694D48 /* PBXTargetDependency */ = {
			isa = PBXTargetDependency;
			target = 8AE3251D2AC6CF0200694D48 /* SWIFTYLIBMINE */;
			targetProxy = 8AE325282AC6CF0200694D48 /* PBXContainerItemProxy */;
		};
		8AE325542AC6CF3500694D48 /* PBXTargetDependency */ = {
			isa = PBXTargetDependency;
			target = 8AE325392AC6CF3400694D48 /* SWIFTYLIBMINEExample */;
			targetProxy = 8AE325532AC6CF3500694D48 /* PBXContainerItemProxy */;
		};
		8AE3255E2AC6CF3500694D48 /* PBXTargetDependency */ = {
			isa = PBXTargetDependency;
			target = 8AE325392AC6CF3400694D48 /* SWIFTYLIBMINEExample */;
			targetProxy = 8AE3255D2AC6CF3500694D48 /* PBXContainerItemProxy */;
		};
/* End PBXTargetDependency section */

/* Begin PBXVariantGroup section */
		8AE325422AC6CF3400694D48 /* Main.storyboard */ = {
			isa = PBXVariantGroup;
			children = (
				8AE325432AC6CF3400694D48 /* Base */,
			);
			name = Main.storyboard;
			sourceTree = "<group>";
		};
		8AE3254A2AC6CF3500694D48 /* LaunchScreen.storyboard */ = {
			isa = PBXVariantGroup;
			children = (
				8AE3254B2AC6CF3500694D48 /* Base */,
			);
			name = LaunchScreen.storyboard;
			sourceTree = "<group>";
		};
/* End PBXVariantGroup section */

/* Begin XCBuildConfiguration section */
		8AE3252E2AC6CF0200694D48 /* Debug */ = {
			isa = XCBuildConfiguration;
			buildSettings = {
				ALWAYS_SEARCH_USER_PATHS = NO;
				CLANG_ANALYZER_NONNULL = YES;
				CLANG_ANALYZER_NUMBER_OBJECT_CONVERSION = YES_AGGRESSIVE;
				CLANG_CXX_LANGUAGE_STANDARD = "gnu++20";
				CLANG_ENABLE_MODULES = YES;
				CLANG_ENABLE_OBJC_ARC = YES;
				CLANG_ENABLE_OBJC_WEAK = YES;
				CLANG_WARN_BLOCK_CAPTURE_AUTORELEASING = YES;
				CLANG_WARN_BOOL_CONVERSION = YES;
				CLANG_WARN_COMMA = YES;
				CLANG_WARN_CONSTANT_CONVERSION = YES;
				CLANG_WARN_DEPRECATED_OBJC_IMPLEMENTATIONS = YES;
				CLANG_WARN_DIRECT_OBJC_ISA_USAGE = YES_ERROR;
				CLANG_WARN_DOCUMENTATION_COMMENTS = YES;
				CLANG_WARN_EMPTY_BODY = YES;
				CLANG_WARN_ENUM_CONVERSION = YES;
				CLANG_WARN_INFINITE_RECURSION = YES;
				CLANG_WARN_INT_CONVERSION = YES;
				CLANG_WARN_NON_LITERAL_NULL_CONVERSION = YES;
				CLANG_WARN_OBJC_IMPLICIT_RETAIN_SELF = YES;
				CLANG_WARN_OBJC_LITERAL_CONVERSION = YES;
				CLANG_WARN_OBJC_ROOT_CLASS = YES_ERROR;
				CLANG_WARN_QUOTED_INCLUDE_IN_FRAMEWORK_HEADER = YES;
				CLANG_WARN_RANGE_LOOP_ANALYSIS = YES;
				CLANG_WARN_STRICT_PROTOTYPES = YES;
				CLANG_WARN_SUSPICIOUS_MOVE = YES;
				CLANG_WARN_UNGUARDED_AVAILABILITY = YES_AGGRESSIVE;
				CLANG_WARN_UNREACHABLE_CODE = YES;
				CLANG_WARN__DUPLICATE_METHOD_MATCH = YES;
				COPY_PHASE_STRIP = NO;
				CURRENT_PROJECT_VERSION = 1;
				DEBUG_INFORMATION_FORMAT = dwarf;
				ENABLE_STRICT_OBJC_MSGSEND = YES;
				ENABLE_TESTABILITY = YES;
				GCC_C_LANGUAGE_STANDARD = gnu11;
				GCC_DYNAMIC_NO_PIC = NO;
				GCC_NO_COMMON_BLOCKS = YES;
				GCC_OPTIMIZATION_LEVEL = 0;
				GCC_PREPROCESSOR_DEFINITIONS = (
					"DEBUG=1",
					"$(inherited)",
				);
				GCC_WARN_64_TO_32_BIT_CONVERSION = YES;
				GCC_WARN_ABOUT_RETURN_TYPE = YES_ERROR;
				GCC_WARN_UNDECLARED_SELECTOR = YES;
				GCC_WARN_UNINITIALIZED_AUTOS = YES_AGGRESSIVE;
				GCC_WARN_UNUSED_FUNCTION = YES;
				GCC_WARN_UNUSED_VARIABLE = YES;
				IPHONEOS_DEPLOYMENT_TARGET = 16.1;
				MTL_ENABLE_DEBUG_INFO = INCLUDE_SOURCE;
				MTL_FAST_MATH = YES;
				ONLY_ACTIVE_ARCH = YES;
				SDKROOT = iphoneos;
				SWIFT_ACTIVE_COMPILATION_CONDITIONS = DEBUG;
				SWIFT_OPTIMIZATION_LEVEL = "-Onone";
				VERSIONING_SYSTEM = "apple-generic";
				VERSION_INFO_PREFIX = "";
			};
			name = Debug;
		};
		8AE3252F2AC6CF0200694D48 /* Release */ = {
			isa = XCBuildConfiguration;
			buildSettings = {
				ALWAYS_SEARCH_USER_PATHS = NO;
				CLANG_ANALYZER_NONNULL = YES;
				CLANG_ANALYZER_NUMBER_OBJECT_CONVERSION = YES_AGGRESSIVE;
				CLANG_CXX_LANGUAGE_STANDARD = "gnu++20";
				CLANG_ENABLE_MODULES = YES;
				CLANG_ENABLE_OBJC_ARC = YES;
				CLANG_ENABLE_OBJC_WEAK = YES;
				CLANG_WARN_BLOCK_CAPTURE_AUTORELEASING = YES;
				CLANG_WARN_BOOL_CONVERSION = YES;
				CLANG_WARN_COMMA = YES;
				CLANG_WARN_CONSTANT_CONVERSION = YES;
				CLANG_WARN_DEPRECATED_OBJC_IMPLEMENTATIONS = YES;
				CLANG_WARN_DIRECT_OBJC_ISA_USAGE = YES_ERROR;
				CLANG_WARN_DOCUMENTATION_COMMENTS = YES;
				CLANG_WARN_EMPTY_BODY = YES;
				CLANG_WARN_ENUM_CONVERSION = YES;
				CLANG_WARN_INFINITE_RECURSION = YES;
				CLANG_WARN_INT_CONVERSION = YES;
				CLANG_WARN_NON_LITERAL_NULL_CONVERSION = YES;
				CLANG_WARN_OBJC_IMPLICIT_RETAIN_SELF = YES;
				CLANG_WARN_OBJC_LITERAL_CONVERSION = YES;
				CLANG_WARN_OBJC_ROOT_CLASS = YES_ERROR;
				CLANG_WARN_QUOTED_INCLUDE_IN_FRAMEWORK_HEADER = YES;
				CLANG_WARN_RANGE_LOOP_ANALYSIS = YES;
				CLANG_WARN_STRICT_PROTOTYPES = YES;
				CLANG_WARN_SUSPICIOUS_MOVE = YES;
				CLANG_WARN_UNGUARDED_AVAILABILITY = YES_AGGRESSIVE;
				CLANG_WARN_UNREACHABLE_CODE = YES;
				CLANG_WARN__DUPLICATE_METHOD_MATCH = YES;
				COPY_PHASE_STRIP = NO;
				CURRENT_PROJECT_VERSION = 1;
				DEBUG_INFORMATION_FORMAT = "dwarf-with-dsym";
				ENABLE_NS_ASSERTIONS = NO;
				ENABLE_STRICT_OBJC_MSGSEND = YES;
				GCC_C_LANGUAGE_STANDARD = gnu11;
				GCC_NO_COMMON_BLOCKS = YES;
				GCC_WARN_64_TO_32_BIT_CONVERSION = YES;
				GCC_WARN_ABOUT_RETURN_TYPE = YES_ERROR;
				GCC_WARN_UNDECLARED_SELECTOR = YES;
				GCC_WARN_UNINITIALIZED_AUTOS = YES_AGGRESSIVE;
				GCC_WARN_UNUSED_FUNCTION = YES;
				GCC_WARN_UNUSED_VARIABLE = YES;
				IPHONEOS_DEPLOYMENT_TARGET = 16.1;
				MTL_ENABLE_DEBUG_INFO = NO;
				MTL_FAST_MATH = YES;
				SDKROOT = iphoneos;
				SWIFT_COMPILATION_MODE = wholemodule;
				SWIFT_OPTIMIZATION_LEVEL = "-O";
				VALIDATE_PRODUCT = YES;
				VERSIONING_SYSTEM = "apple-generic";
				VERSION_INFO_PREFIX = "";
			};
			name = Release;
		};
		8AE325312AC6CF0200694D48 /* Debug */ = {
			isa = XCBuildConfiguration;
			buildSettings = {
				CODE_SIGN_STYLE = Automatic;
				CURRENT_PROJECT_VERSION = 1;
				DEFINES_MODULE = YES;
				DEVELOPMENT_TEAM = 3Y74N44552;
				DYLIB_COMPATIBILITY_VERSION = 1;
				DYLIB_CURRENT_VERSION = 1;
				DYLIB_INSTALL_NAME_BASE = "@rpath";
				GENERATE_INFOPLIST_FILE = YES;
				INFOPLIST_KEY_NSHumanReadableCopyright = "";
				INSTALL_PATH = "$(LOCAL_LIBRARY_DIR)/Frameworks";
				LD_RUNPATH_SEARCH_PATHS = (
					"$(inherited)",
					"@executable_path/Frameworks",
					"@loader_path/Frameworks",
				);
				MARKETING_VERSION = 1.0;
				PRODUCT_BUNDLE_IDENTIFIER = Com.Alok.SWIFTYLIBMINE;
				PRODUCT_NAME = "$(TARGET_NAME:c99extidentifier)";
				SKIP_INSTALL = YES;
				SWIFT_EMIT_LOC_STRINGS = YES;
				SWIFT_VERSION = 5.0;
				TARGETED_DEVICE_FAMILY = "1,2";
			};
			name = Debug;
		};
		8AE325322AC6CF0200694D48 /* Release */ = {
			isa = XCBuildConfiguration;
			buildSettings = {
				CODE_SIGN_STYLE = Automatic;
				CURRENT_PROJECT_VERSION = 1;
				DEFINES_MODULE = YES;
				DEVELOPMENT_TEAM = 3Y74N44552;
				DYLIB_COMPATIBILITY_VERSION = 1;
				DYLIB_CURRENT_VERSION = 1;
				DYLIB_INSTALL_NAME_BASE = "@rpath";
				GENERATE_INFOPLIST_FILE = YES;
				INFOPLIST_KEY_NSHumanReadableCopyright = "";
				INSTALL_PATH = "$(LOCAL_LIBRARY_DIR)/Frameworks";
				LD_RUNPATH_SEARCH_PATHS = (
					"$(inherited)",
					"@executable_path/Frameworks",
					"@loader_path/Frameworks",
				);
				MARKETING_VERSION = 1.0;
				PRODUCT_BUNDLE_IDENTIFIER = Com.Alok.SWIFTYLIBMINE;
				PRODUCT_NAME = "$(TARGET_NAME:c99extidentifier)";
				SKIP_INSTALL = YES;
				SWIFT_EMIT_LOC_STRINGS = YES;
				SWIFT_VERSION = 5.0;
				TARGETED_DEVICE_FAMILY = "1,2";
			};
			name = Release;
		};
		8AE325342AC6CF0200694D48 /* Debug */ = {
			isa = XCBuildConfiguration;
			buildSettings = {
				CODE_SIGN_STYLE = Automatic;
				CURRENT_PROJECT_VERSION = 1;
				DEVELOPMENT_TEAM = 3Y74N44552;
				GENERATE_INFOPLIST_FILE = YES;
				MARKETING_VERSION = 1.0;
				PRODUCT_BUNDLE_IDENTIFIER = Com.Alok.SWIFTYLIBMINETests;
				PRODUCT_NAME = "$(TARGET_NAME)";
				SWIFT_EMIT_LOC_STRINGS = NO;
				SWIFT_VERSION = 5.0;
				TARGETED_DEVICE_FAMILY = "1,2";
			};
			name = Debug;
		};
		8AE325352AC6CF0200694D48 /* Release */ = {
			isa = XCBuildConfiguration;
			buildSettings = {
				CODE_SIGN_STYLE = Automatic;
				CURRENT_PROJECT_VERSION = 1;
				DEVELOPMENT_TEAM = 3Y74N44552;
				GENERATE_INFOPLIST_FILE = YES;
				MARKETING_VERSION = 1.0;
				PRODUCT_BUNDLE_IDENTIFIER = Com.Alok.SWIFTYLIBMINETests;
				PRODUCT_NAME = "$(TARGET_NAME)";
				SWIFT_EMIT_LOC_STRINGS = NO;
				SWIFT_VERSION = 5.0;
				TARGETED_DEVICE_FAMILY = "1,2";
			};
			name = Release;
		};
		8AE325652AC6CF3500694D48 /* Debug */ = {
			isa = XCBuildConfiguration;
			buildSettings = {
				ASSETCATALOG_COMPILER_APPICON_NAME = AppIcon;
				ASSETCATALOG_COMPILER_GLOBAL_ACCENT_COLOR_NAME = AccentColor;
				CODE_SIGN_STYLE = Automatic;
				CURRENT_PROJECT_VERSION = 1;
				DEVELOPMENT_TEAM = 3Y74N44552;
				GENERATE_INFOPLIST_FILE = YES;
				INFOPLIST_FILE = SWIFTYLIBMINEExample/Info.plist;
				INFOPLIST_KEY_UIApplicationSupportsIndirectInputEvents = YES;
				INFOPLIST_KEY_UILaunchStoryboardName = LaunchScreen;
				INFOPLIST_KEY_UIMainStoryboardFile = Main;
				INFOPLIST_KEY_UISupportedInterfaceOrientations_iPad = "UIInterfaceOrientationPortrait UIInterfaceOrientationPortraitUpsideDown UIInterfaceOrientationLandscapeLeft UIInterfaceOrientationLandscapeRight";
				INFOPLIST_KEY_UISupportedInterfaceOrientations_iPhone = "UIInterfaceOrientationPortrait UIInterfaceOrientationLandscapeLeft UIInterfaceOrientationLandscapeRight";
				LD_RUNPATH_SEARCH_PATHS = (
					"$(inherited)",
					"@executable_path/Frameworks",
				);
				MARKETING_VERSION = 1.0;
				PRODUCT_BUNDLE_IDENTIFIER = Com.Alok.SWIFTYLIBMINEExample;
				PRODUCT_NAME = "$(TARGET_NAME)";
				SWIFT_EMIT_LOC_STRINGS = YES;
				SWIFT_VERSION = 5.0;
				TARGETED_DEVICE_FAMILY = "1,2";
			};
			name = Debug;
		};
		8AE325662AC6CF3500694D48 /* Release */ = {
			isa = XCBuildConfiguration;
			buildSettings = {
				ASSETCATALOG_COMPILER_APPICON_NAME = AppIcon;
				ASSETCATALOG_COMPILER_GLOBAL_ACCENT_COLOR_NAME = AccentColor;
				CODE_SIGN_STYLE = Automatic;
				CURRENT_PROJECT_VERSION = 1;
				DEVELOPMENT_TEAM = 3Y74N44552;
				GENERATE_INFOPLIST_FILE = YES;
				INFOPLIST_FILE = SWIFTYLIBMINEExample/Info.plist;
				INFOPLIST_KEY_UIApplicationSupportsIndirectInputEvents = YES;
				INFOPLIST_KEY_UILaunchStoryboardName = LaunchScreen;
				INFOPLIST_KEY_UIMainStoryboardFile = Main;
				INFOPLIST_KEY_UISupportedInterfaceOrientations_iPad = "UIInterfaceOrientationPortrait UIInterfaceOrientationPortraitUpsideDown UIInterfaceOrientationLandscapeLeft UIInterfaceOrientationLandscapeRight";
				INFOPLIST_KEY_UISupportedInterfaceOrientations_iPhone = "UIInterfaceOrientationPortrait UIInterfaceOrientationLandscapeLeft UIInterfaceOrientationLandscapeRight";
				LD_RUNPATH_SEARCH_PATHS = (
					"$(inherited)",
					"@executable_path/Frameworks",
				);
				MARKETING_VERSION = 1.0;
				PRODUCT_BUNDLE_IDENTIFIER = Com.Alok.SWIFTYLIBMINEExample;
				PRODUCT_NAME = "$(TARGET_NAME)";
				SWIFT_EMIT_LOC_STRINGS = YES;
				SWIFT_VERSION = 5.0;
				TARGETED_DEVICE_FAMILY = "1,2";
			};
			name = Release;
		};
		8AE325682AC6CF3500694D48 /* Debug */ = {
			isa = XCBuildConfiguration;
			buildSettings = {
				ALWAYS_EMBED_SWIFT_STANDARD_LIBRARIES = YES;
				BUNDLE_LOADER = "$(TEST_HOST)";
				CODE_SIGN_STYLE = Automatic;
				CURRENT_PROJECT_VERSION = 1;
				DEVELOPMENT_TEAM = 3Y74N44552;
				GENERATE_INFOPLIST_FILE = YES;
				IPHONEOS_DEPLOYMENT_TARGET = 16.1;
				MARKETING_VERSION = 1.0;
				PRODUCT_BUNDLE_IDENTIFIER = Com.Alok.SWIFTYLIBMINEExampleTests;
				PRODUCT_NAME = "$(TARGET_NAME)";
				SWIFT_EMIT_LOC_STRINGS = NO;
				SWIFT_VERSION = 5.0;
				TARGETED_DEVICE_FAMILY = "1,2";
				TEST_HOST = "$(BUILT_PRODUCTS_DIR)/SWIFTYLIBMINEExample.app/$(BUNDLE_EXECUTABLE_FOLDER_PATH)/SWIFTYLIBMINEExample";
			};
			name = Debug;
		};
		8AE325692AC6CF3500694D48 /* Release */ = {
			isa = XCBuildConfiguration;
			buildSettings = {
				ALWAYS_EMBED_SWIFT_STANDARD_LIBRARIES = YES;
				BUNDLE_LOADER = "$(TEST_HOST)";
				CODE_SIGN_STYLE = Automatic;
				CURRENT_PROJECT_VERSION = 1;
				DEVELOPMENT_TEAM = 3Y74N44552;
				GENERATE_INFOPLIST_FILE = YES;
				IPHONEOS_DEPLOYMENT_TARGET = 16.1;
				MARKETING_VERSION = 1.0;
				PRODUCT_BUNDLE_IDENTIFIER = Com.Alok.SWIFTYLIBMINEExampleTests;
				PRODUCT_NAME = "$(TARGET_NAME)";
				SWIFT_EMIT_LOC_STRINGS = NO;
				SWIFT_VERSION = 5.0;
				TARGETED_DEVICE_FAMILY = "1,2";
				TEST_HOST = "$(BUILT_PRODUCTS_DIR)/SWIFTYLIBMINEExample.app/$(BUNDLE_EXECUTABLE_FOLDER_PATH)/SWIFTYLIBMINEExample";
			};
			name = Release;
		};
		8AE3256B2AC6CF3500694D48 /* Debug */ = {
			isa = XCBuildConfiguration;
			buildSettings = {
				ALWAYS_EMBED_SWIFT_STANDARD_LIBRARIES = YES;
				CODE_SIGN_STYLE = Automatic;
				CURRENT_PROJECT_VERSION = 1;
				DEVELOPMENT_TEAM = 3Y74N44552;
				GENERATE_INFOPLIST_FILE = YES;
				MARKETING_VERSION = 1.0;
				PRODUCT_BUNDLE_IDENTIFIER = Com.Alok.SWIFTYLIBMINEExampleUITests;
				PRODUCT_NAME = "$(TARGET_NAME)";
				SWIFT_EMIT_LOC_STRINGS = NO;
				SWIFT_VERSION = 5.0;
				TARGETED_DEVICE_FAMILY = "1,2";
				TEST_TARGET_NAME = SWIFTYLIBMINEExample;
			};
			name = Debug;
		};
		8AE3256C2AC6CF3500694D48 /* Release */ = {
			isa = XCBuildConfiguration;
			buildSettings = {
				ALWAYS_EMBED_SWIFT_STANDARD_LIBRARIES = YES;
				CODE_SIGN_STYLE = Automatic;
				CURRENT_PROJECT_VERSION = 1;
				DEVELOPMENT_TEAM = 3Y74N44552;
				GENERATE_INFOPLIST_FILE = YES;
				MARKETING_VERSION = 1.0;
				PRODUCT_BUNDLE_IDENTIFIER = Com.Alok.SWIFTYLIBMINEExampleUITests;
				PRODUCT_NAME = "$(TARGET_NAME)";
				SWIFT_EMIT_LOC_STRINGS = NO;
				SWIFT_VERSION = 5.0;
				TARGETED_DEVICE_FAMILY = "1,2";
				TEST_TARGET_NAME = SWIFTYLIBMINEExample;
			};
			name = Release;
		};
/* End XCBuildConfiguration section */

/* Begin XCConfigurationList section */
		8AE325182AC6CF0200694D48 /* Build configuration list for PBXProject "SWIFTYLIBMINE" */ = {
			isa = XCConfigurationList;
			buildConfigurations = (
				8AE3252E2AC6CF0200694D48 /* Debug */,
				8AE3252F2AC6CF0200694D48 /* Release */,
			);
			defaultConfigurationIsVisible = 0;
			defaultConfigurationName = Release;
		};
		8AE325302AC6CF0200694D48 /* Build configuration list for PBXNativeTarget "SWIFTYLIBMINE" */ = {
			isa = XCConfigurationList;
			buildConfigurations = (
				8AE325312AC6CF0200694D48 /* Debug */,
				8AE325322AC6CF0200694D48 /* Release */,
			);
			defaultConfigurationIsVisible = 0;
			defaultConfigurationName = Release;
		};
		8AE325332AC6CF0200694D48 /* Build configuration list for PBXNativeTarget "SWIFTYLIBMINETests" */ = {
			isa = XCConfigurationList;
			buildConfigurations = (
				8AE325342AC6CF0200694D48 /* Debug */,
				8AE325352AC6CF0200694D48 /* Release */,
			);
			defaultConfigurationIsVisible = 0;
			defaultConfigurationName = Release;
		};
		8AE325642AC6CF3500694D48 /* Build configuration list for PBXNativeTarget "SWIFTYLIBMINEExample" */ = {
			isa = XCConfigurationList;
			buildConfigurations = (
				8AE325652AC6CF3500694D48 /* Debug */,
				8AE325662AC6CF3500694D48 /* Release */,
			);
			defaultConfigurationIsVisible = 0;
			defaultConfigurationName = Release;
		};
		8AE325672AC6CF3500694D48 /* Build configuration list for PBXNativeTarget "SWIFTYLIBMINEExampleTests" */ = {
			isa = XCConfigurationList;
			buildConfigurations = (
				8AE325682AC6CF3500694D48 /* Debug */,
				8AE325692AC6CF3500694D48 /* Release */,
			);
			defaultConfigurationIsVisible = 0;
			defaultConfigurationName = Release;
		};
		8AE3256A2AC6CF3500694D48 /* Build configuration list for PBXNativeTarget "SWIFTYLIBMINEExampleUITests" */ = {
			isa = XCConfigurationList;
			buildConfigurations = (
				8AE3256B2AC6CF3500694D48 /* Debug */,
				8AE3256C2AC6CF3500694D48 /* Release */,
			);
			defaultConfigurationIsVisible = 0;
			defaultConfigurationName = Release;
		};
/* End XCConfigurationList section */

/* Begin XCVersionGroup section */
		8AE325452AC6CF3400694D48 /* SWIFTYLIBMINEExample.xcdatamodeld */ = {
			isa = XCVersionGroup;
			children = (
				8AE325462AC6CF3400694D48 /* SWIFTYLIBMINEExample.xcdatamodel */,
			);
			currentVersion = 8AE325462AC6CF3400694D48 /* SWIFTYLIBMINEExample.xcdatamodel */;
			path = SWIFTYLIBMINEExample.xcdatamodeld;
			sourceTree = "<group>";
			versionGroupType = wrapper.xcdatamodel;
		};
/* End XCVersionGroup section */
	};
	rootObject = 8AE325152AC6CF0200694D48 /* Project object */;
}
